
Microsoft Visual Studio Solution File, Format Version 12.00
# Visual Studio Version 17
VisualStudioVersion = 17.6.33712.159
MinimumVisualStudioVersion = 10.0.40219.1
Project("{2150E333-8FDC-42A3-9474-1A3956D46DE8}") = "Layer", "Layer", "{94C46490-0DA6-4C14-9A06-E7120BBB96C1}"
EndProject
Project("{9A19103F-16F7-4668-BE54-9A1E7A4F7556}") = "EntityLayer", "Layer\EntityLayer\EntityLayer.csproj", "{79CEEF0A-8B25-469E-BE5C-913055067B46}"
EndProject
Project("{9A19103F-16F7-4668-BE54-9A1E7A4F7556}") = "DataAccessLayer", "Layer\DataAccessLayer\DataAccessLayer.csproj", "{E8A29AE4-90A3-45A8-A018-3C1A4C60703A}"
EndProject
Project("{2150E333-8FDC-42A3-9474-1A3956D46DE8}") = "FrontEnd", "FrontEnd", "{9D63D2AE-1D19-4DB7-9308-6BD8B337B190}"
EndProject
Project("{9A19103F-16F7-4668-BE54-9A1E7A4F7556}") = "Web", "FrontEnd\Web\Web.csproj", "{D3A8B6B0-D817-440F-9477-633CEFC91F94}"
EndProject
Project("{2150E333-8FDC-42A3-9474-1A3956D46DE8}") = "Service", "Service", "{42B2F670-0D30-451E-897C-E0987AF732D0}"
EndProject
Project("{9A19103F-16F7-4668-BE54-9A1E7A4F7556}") = "AuthAPI", "Service\AuthAPI\AuthAPI.csproj", "{BADD2175-432E-4C4E-BFD7-D692A166D2D9}"
EndProject
Project("{9A19103F-16F7-4668-BE54-9A1E7A4F7556}") = "BusinessLayer", "Layer\BusinessLayer\BusinessLayer.csproj", "{8655DED5-A3BC-416C-A2E6-615F1FB48C24}"
EndProject
Project("{FAE04EC0-301F-11D3-BF4B-00C04F79EFBC}") = "ProductAPI", "Service\ProductAPI\ProductAPI.csproj", "{CE126A56-601B-45E2-AE31-A1A639E803DF}"
EndProject
Project("{FAE04EC0-301F-11D3-BF4B-00C04F79EFBC}") = "CategoryAPI", "Service\CategoryAPI\CategoryAPI.csproj", "{57813094-D408-433A-9856-2291C53F3BDD}"
EndProject
Global
	GlobalSection(SolutionConfigurationPlatforms) = preSolution
		Debug|Any CPU = Debug|Any CPU
		Release|Any CPU = Release|Any CPU
	EndGlobalSection
	GlobalSection(ProjectConfigurationPlatforms) = postSolution
		{79CEEF0A-8B25-469E-BE5C-913055067B46}.Debug|Any CPU.ActiveCfg = Debug|Any CPU
		{79CEEF0A-8B25-469E-BE5C-913055067B46}.Debug|Any CPU.Build.0 = Debug|Any CPU
		{79CEEF0A-8B25-469E-BE5C-913055067B46}.Release|Any CPU.ActiveCfg = Release|Any CPU
		{79CEEF0A-8B25-469E-BE5C-913055067B46}.Release|Any CPU.Build.0 = Release|Any CPU
		{E8A29AE4-90A3-45A8-A018-3C1A4C60703A}.Debug|Any CPU.ActiveCfg = Debug|Any CPU
		{E8A29AE4-90A3-45A8-A018-3C1A4C60703A}.Debug|Any CPU.Build.0 = Debug|Any CPU
		{E8A29AE4-90A3-45A8-A018-3C1A4C60703A}.Release|Any CPU.ActiveCfg = Release|Any CPU
		{E8A29AE4-90A3-45A8-A018-3C1A4C60703A}.Release|Any CPU.Build.0 = Release|Any CPU
		{D3A8B6B0-D817-440F-9477-633CEFC91F94}.Debug|Any CPU.ActiveCfg = Debug|Any CPU
		{D3A8B6B0-D817-440F-9477-633CEFC91F94}.Debug|Any CPU.Build.0 = Debug|Any CPU
		{D3A8B6B0-D817-440F-9477-633CEFC91F94}.Release|Any CPU.ActiveCfg = Release|Any CPU
		{D3A8B6B0-D817-440F-9477-633CEFC91F94}.Release|Any CPU.Build.0 = Release|Any CPU
		{BADD2175-432E-4C4E-BFD7-D692A166D2D9}.Debug|Any CPU.ActiveCfg = Debug|Any CPU
		{BADD2175-432E-4C4E-BFD7-D692A166D2D9}.Debug|Any CPU.Build.0 = Debug|Any CPU
		{BADD2175-432E-4C4E-BFD7-D692A166D2D9}.Release|Any CPU.ActiveCfg = Release|Any CPU
		{BADD2175-432E-4C4E-BFD7-D692A166D2D9}.Release|Any CPU.Build.0 = Release|Any CPU
		{8655DED5-A3BC-416C-A2E6-615F1FB48C24}.Debug|Any CPU.ActiveCfg = Debug|Any CPU
		{8655DED5-A3BC-416C-A2E6-615F1FB48C24}.Debug|Any CPU.Build.0 = Debug|Any CPU
		{8655DED5-A3BC-416C-A2E6-615F1FB48C24}.Release|Any CPU.ActiveCfg = Release|Any CPU
		{8655DED5-A3BC-416C-A2E6-615F1FB48C24}.Release|Any CPU.Build.0 = Release|Any CPU
		{CE126A56-601B-45E2-AE31-A1A639E803DF}.Debug|Any CPU.ActiveCfg = Debug|Any CPU
		{CE126A56-601B-45E2-AE31-A1A639E803DF}.Debug|Any CPU.Build.0 = Debug|Any CPU
		{CE126A56-601B-45E2-AE31-A1A639E803DF}.Release|Any CPU.ActiveCfg = Release|Any CPU
		{CE126A56-601B-45E2-AE31-A1A639E803DF}.Release|Any CPU.Build.0 = Release|Any CPU
		{57813094-D408-433A-9856-2291C53F3BDD}.Debug|Any CPU.ActiveCfg = Debug|Any CPU
		{57813094-D408-433A-9856-2291C53F3BDD}.Debug|Any CPU.Build.0 = Debug|Any CPU
		{57813094-D408-433A-9856-2291C53F3BDD}.Release|Any CPU.ActiveCfg = Release|Any CPU
		{57813094-D408-433A-9856-2291C53F3BDD}.Release|Any CPU.Build.0 = Release|Any CPU
	EndGlobalSection
	GlobalSection(SolutionProperties) = preSolution
		HideSolutionNode = FALSE
	EndGlobalSection
	GlobalSection(NestedProjects) = preSolution
		{79CEEF0A-8B25-469E-BE5C-913055067B46} = {94C46490-0DA6-4C14-9A06-E7120BBB96C1}
		{E8A29AE4-90A3-45A8-A018-3C1A4C60703A} = {94C46490-0DA6-4C14-9A06-E7120BBB96C1}
		{D3A8B6B0-D817-440F-9477-633CEFC91F94} = {9D63D2AE-1D19-4DB7-9308-6BD8B337B190}
		{BADD2175-432E-4C4E-BFD7-D692A166D2D9} = {42B2F670-0D30-451E-897C-E0987AF732D0}
		{8655DED5-A3BC-416C-A2E6-615F1FB48C24} = {94C46490-0DA6-4C14-9A06-E7120BBB96C1}
		{CE126A56-601B-45E2-AE31-A1A639E803DF} = {42B2F670-0D30-451E-897C-E0987AF732D0}
		{57813094-D408-433A-9856-2291C53F3BDD} = {42B2F670-0D30-451E-897C-E0987AF732D0}
	EndGlobalSection
	GlobalSection(ExtensibilityGlobals) = postSolution
		SolutionGuid = {2E602BF3-75AC-4C94-BF6A-90DF409616F0}
	EndGlobalSection
EndGlobal
